
Microsoft Visual Studio Solution File, Format Version 12.00
# Visual Studio Version 16
VisualStudioVersion = 16.0.31624.102
MinimumVisualStudioVersion = 10.0.40219.1
Project("{FAE04EC0-301F-11D3-BF4B-00C04F79EFBC}") = "FileReminderUdemy", "FileReminderUdemy\FileReminderUdemy.csproj", "{DE532E77-0329-4FA8-B1E2-27088BE86EBA}"
EndProject
Global
	GlobalSection(SolutionConfigurationPlatforms) = preSolution
		Debug|Any CPU = Debug|Any CPU
		Release|Any CPU = Release|Any CPU
	EndGlobalSection
	GlobalSection(ProjectConfigurationPlatforms) = postSolution
		{DE532E77-0329-4FA8-B1E2-27088BE86EBA}.Debug|Any CPU.ActiveCfg = Debug|Any CPU
		{DE532E77-0329-4FA8-B1E2-27088BE86EBA}.Debug|Any CPU.Build.0 = Debug|Any CPU
		{DE532E77-0329-4FA8-B1E2-27088BE86EBA}.Release|Any CPU.ActiveCfg = Release|Any CPU
		{DE532E77-0329-4FA8-B1E2-27088BE86EBA}.Release|Any CPU.Build.0 = Release|Any CPU
	EndGlobalSection
	GlobalSection(SolutionProperties) = preSolution
		HideSolutionNode = FALSE
	EndGlobalSection
	GlobalSection(ExtensibilityGlobals) = postSolution
		SolutionGuid = {39C09D08-04D9-415C-AD26-54CAD00BA33D}
	EndGlobalSection
EndGlobal
